
Microsoft Visual Studio Solution File, Format Version 12.00
# Visual Studio 15
VisualStudioVersion = 15.0.34031.82
MinimumVisualStudioVersion = 10.0.40219.1
Project("{8BC9CEB8-8B4A-11D0-8D11-00A0C91BC942}") = "HW1026", "HW1026\HW1026.vcxproj", "{9D7ADF20-BAF4-406F-9ACD-61047F34A611}"
EndProject
Global
	GlobalSection(SolutionConfigurationPlatforms) = preSolution
		Debug|x64 = Debug|x64
		Debug|x86 = Debug|x86
		Release|x64 = Release|x64
		Release|x86 = Release|x86
	EndGlobalSection
	GlobalSection(ProjectConfigurationPlatforms) = postSolution
		{9D7ADF20-BAF4-406F-9ACD-61047F34A611}.Debug|x64.ActiveCfg = Debug|x64
		{9D7ADF20-BAF4-406F-9ACD-61047F34A611}.Debug|x64.Build.0 = Debug|x64
		{9D7ADF20-BAF4-406F-9ACD-61047F34A611}.Debug|x86.ActiveCfg = Debug|Win32
		{9D7ADF20-BAF4-406F-9ACD-61047F34A611}.Debug|x86.Build.0 = Debug|Win32
		{9D7ADF20-BAF4-406F-9ACD-61047F34A611}.Release|x64.ActiveCfg = Release|x64
		{9D7ADF20-BAF4-406F-9ACD-61047F34A611}.Release|x64.Build.0 = Release|x64
		{9D7ADF20-BAF4-406F-9ACD-61047F34A611}.Release|x86.ActiveCfg = Release|Win32
		{9D7ADF20-BAF4-406F-9ACD-61047F34A611}.Release|x86.Build.0 = Release|Win32
	EndGlobalSection
	GlobalSection(SolutionProperties) = preSolution
		HideSolutionNode = FALSE
	EndGlobalSection
	GlobalSection(ExtensibilityGlobals) = postSolution
		SolutionGuid = {4E076879-668C-41CC-900B-F5DA93BF60A9}
	EndGlobalSection
EndGlobal
